<?xml version="1.0" encoding="utf-8"?>
<Project ToolsVersion="16.0" xmlns="http://schemas.microsoft.com/developer/msbuild/2003">
  <ItemGroup>
    <CustomBuild Include="C:\Users\pepij\Downloads\INFOMGP-Practical1-master\INFOMGP-Practical1-master\build\CMakeFiles\4f37d384858cdd6faf1278c39a56540d\generate.stamp.rule">
      <Filter>CMake Rules</Filter>
    </CustomBuild>
  </ItemGroup>
  <ItemGroup>
    <Filter Include="CMake Rules">
      <UniqueIdentifier>{A87BA577-3128-3547-957F-B56580A845A0}</UniqueIdentifier>
    </Filter>
  </ItemGroup>
</Project>
